
Microsoft Visual Studio Solution File, Format Version 12.00
# Visual Studio 15
VisualStudioVersion = 15.0.27004.2009
MinimumVisualStudioVersion = 10.0.40219.1
Project("{FAE04EC0-301F-11D3-BF4B-00C04F79EFBC}") = "Characters", "Characters\Characters.csproj", "{AAE45DE6-2AD0-4B91-8B0D-D35DF2537BEF}"
EndProject
Project("{FAE04EC0-301F-11D3-BF4B-00C04F79EFBC}") = "CharacterTests", "CharacterTests\CharacterTests.csproj", "{24CD6BAE-3202-4B49-9948-C8C15BDA6D26}"
EndProject
Project("{FAE04EC0-301F-11D3-BF4B-00C04F79EFBC}") = "CharacterWeb", "CharacterWeb\CharacterWeb.csproj", "{060FE920-CCA5-471C-AA3A-73D838D17E26}"
EndProject
Project("{FAE04EC0-301F-11D3-BF4B-00C04F79EFBC}") = "CharacterWeb.Tests", "CharacterWeb.Tests\CharacterWeb.Tests.csproj", "{84B05E27-DA21-432F-A4C3-2CEA7C239293}"
EndProject
Global
	GlobalSection(SolutionConfigurationPlatforms) = preSolution
		Debug|Any CPU = Debug|Any CPU
		Release|Any CPU = Release|Any CPU
	EndGlobalSection
	GlobalSection(ProjectConfigurationPlatforms) = postSolution
		{AAE45DE6-2AD0-4B91-8B0D-D35DF2537BEF}.Debug|Any CPU.ActiveCfg = Debug|Any CPU
		{AAE45DE6-2AD0-4B91-8B0D-D35DF2537BEF}.Debug|Any CPU.Build.0 = Debug|Any CPU
		{AAE45DE6-2AD0-4B91-8B0D-D35DF2537BEF}.Release|Any CPU.ActiveCfg = Release|Any CPU
		{AAE45DE6-2AD0-4B91-8B0D-D35DF2537BEF}.Release|Any CPU.Build.0 = Release|Any CPU
		{24CD6BAE-3202-4B49-9948-C8C15BDA6D26}.Debug|Any CPU.ActiveCfg = Debug|Any CPU
		{24CD6BAE-3202-4B49-9948-C8C15BDA6D26}.Debug|Any CPU.Build.0 = Debug|Any CPU
		{24CD6BAE-3202-4B49-9948-C8C15BDA6D26}.Release|Any CPU.ActiveCfg = Release|Any CPU
		{24CD6BAE-3202-4B49-9948-C8C15BDA6D26}.Release|Any CPU.Build.0 = Release|Any CPU
		{060FE920-CCA5-471C-AA3A-73D838D17E26}.Debug|Any CPU.ActiveCfg = Debug|Any CPU
		{060FE920-CCA5-471C-AA3A-73D838D17E26}.Debug|Any CPU.Build.0 = Debug|Any CPU
		{060FE920-CCA5-471C-AA3A-73D838D17E26}.Release|Any CPU.ActiveCfg = Release|Any CPU
		{060FE920-CCA5-471C-AA3A-73D838D17E26}.Release|Any CPU.Build.0 = Release|Any CPU
		{84B05E27-DA21-432F-A4C3-2CEA7C239293}.Debug|Any CPU.ActiveCfg = Debug|Any CPU
		{84B05E27-DA21-432F-A4C3-2CEA7C239293}.Debug|Any CPU.Build.0 = Debug|Any CPU
		{84B05E27-DA21-432F-A4C3-2CEA7C239293}.Release|Any CPU.ActiveCfg = Release|Any CPU
		{84B05E27-DA21-432F-A4C3-2CEA7C239293}.Release|Any CPU.Build.0 = Release|Any CPU
	EndGlobalSection
	GlobalSection(SolutionProperties) = preSolution
		HideSolutionNode = FALSE
	EndGlobalSection
	GlobalSection(ExtensibilityGlobals) = postSolution
		SolutionGuid = {A514D630-3343-46BD-8031-1F2C78DAE033}
	EndGlobalSection
EndGlobal
